{
  "originHash" : "fc8c95fbae7abd1b2eae803bd1f4cef68c547d2d7ed261f584df8529b97ea5cd",
  "pins" : [
    {
      "identity" : "stn-player-mobile-sdk",
      "kind" : "remoteSourceControl",
      "location" : "https://github.com/FTBpro/stn-player-mobile-sdk.git",
      "state" : {
        "branch" : "task/google-interactive-media-ads-for-minute-media-player-view",
        "revision" : "33faaa59f8c5cb6570efd28bf27eec9ddf1e4a06"
      }
    },
    {
      "identity" : "swift-package-manager-google-interactive-media-ads-ios",
      "kind" : "remoteSourceControl",
      "location" : "https://github.com/googleads/swift-package-manager-google-interactive-media-ads-ios",
      "state" : {
        "revision" : "60c708f077d0d2aa02dfbfdeb60f2be8feb1c548",
        "version" : "3.26.1"
      }
    }
  ],
  "version" : 3
}
